
Microsoft Visual Studio Solution File, Format Version 12.00
Project("{FAE04EC0-301F-11D3-BF4B-00C04F79EFBC}") = "CLI", "CLI\CLI.csproj", "{8341DF8A-7244-4FBA-A215-D8B7374C45EF}"
EndProject
Project("{FAE04EC0-301F-11D3-BF4B-00C04F79EFBC}") = "Application", "Application\Application.csproj", "{A31FF03D-C8A7-4B86-8FE1-A67F107969D2}"
EndProject
Project("{FAE04EC0-301F-11D3-BF4B-00C04F79EFBC}") = "Bootstrap", "Bootstrap\Bootstrap.csproj", "{18F062C3-B872-4CD3-B90E-916A7F12DA5B}"
EndProject
Project("{2150E333-8FDC-42A3-9474-1A3956D46DE8}") = "Files", "Files", "{1D2679C1-FCAF-4551-8D51-E7103F7C08A9}"
	ProjectSection(SolutionItems) = preProject
		.gitignore = .gitignore
	EndProjectSection
EndProject
Global
	GlobalSection(SolutionConfigurationPlatforms) = preSolution
		Debug|Any CPU = Debug|Any CPU
		Release|Any CPU = Release|Any CPU
	EndGlobalSection
	GlobalSection(ProjectConfigurationPlatforms) = postSolution
		{8341DF8A-7244-4FBA-A215-D8B7374C45EF}.Debug|Any CPU.ActiveCfg = Debug|Any CPU
		{8341DF8A-7244-4FBA-A215-D8B7374C45EF}.Debug|Any CPU.Build.0 = Debug|Any CPU
		{8341DF8A-7244-4FBA-A215-D8B7374C45EF}.Release|Any CPU.ActiveCfg = Release|Any CPU
		{8341DF8A-7244-4FBA-A215-D8B7374C45EF}.Release|Any CPU.Build.0 = Release|Any CPU
		{A31FF03D-C8A7-4B86-8FE1-A67F107969D2}.Debug|Any CPU.ActiveCfg = Debug|Any CPU
		{A31FF03D-C8A7-4B86-8FE1-A67F107969D2}.Debug|Any CPU.Build.0 = Debug|Any CPU
		{A31FF03D-C8A7-4B86-8FE1-A67F107969D2}.Release|Any CPU.ActiveCfg = Release|Any CPU
		{A31FF03D-C8A7-4B86-8FE1-A67F107969D2}.Release|Any CPU.Build.0 = Release|Any CPU
		{18F062C3-B872-4CD3-B90E-916A7F12DA5B}.Debug|Any CPU.ActiveCfg = Debug|Any CPU
		{18F062C3-B872-4CD3-B90E-916A7F12DA5B}.Debug|Any CPU.Build.0 = Debug|Any CPU
		{18F062C3-B872-4CD3-B90E-916A7F12DA5B}.Release|Any CPU.ActiveCfg = Release|Any CPU
		{18F062C3-B872-4CD3-B90E-916A7F12DA5B}.Release|Any CPU.Build.0 = Release|Any CPU
	EndGlobalSection
EndGlobal
